
Microsoft Visual Studio Solution File, Format Version 12.00
# Visual Studio Version 16
VisualStudioVersion = 25.0.1704.4
MinimumVisualStudioVersion = 10.0.40219.1
Project("{FAE04EC0-301F-11D3-BF4B-00C04F79EFBC}") = "RubricaTelefonica", "RubricaTelefonica\RubricaTelefonica.csproj", "{B6AF2B18-4877-414B-BBAC-62CFDD912911}"
EndProject
Global
	GlobalSection(SolutionConfigurationPlatforms) = preSolution
		Debug|Any CPU = Debug|Any CPU
		Release|Any CPU = Release|Any CPU
	EndGlobalSection
	GlobalSection(ProjectConfigurationPlatforms) = postSolution
		{B6AF2B18-4877-414B-BBAC-62CFDD912911}.Debug|Any CPU.ActiveCfg = Debug|Any CPU
		{B6AF2B18-4877-414B-BBAC-62CFDD912911}.Debug|Any CPU.Build.0 = Debug|Any CPU
		{B6AF2B18-4877-414B-BBAC-62CFDD912911}.Release|Any CPU.ActiveCfg = Release|Any CPU
		{B6AF2B18-4877-414B-BBAC-62CFDD912911}.Release|Any CPU.Build.0 = Release|Any CPU
	EndGlobalSection
	GlobalSection(SolutionProperties) = preSolution
		HideSolutionNode = FALSE
	EndGlobalSection
	GlobalSection(ExtensibilityGlobals) = postSolution
		SolutionGuid = {83378F30-1810-404B-905B-810C7F2E94B5}
	EndGlobalSection
EndGlobal
